
Microsoft Visual Studio Solution File, Format Version 12.00
# Visual Studio Version 16
VisualStudioVersion = 16.0.30804.86
MinimumVisualStudioVersion = 10.0.40219.1
Project("{FAE04EC0-301F-11D3-BF4B-00C04F79EFBC}") = "github-pipeline", "github-pipeline\github-pipeline.csproj", "{61D3F495-B119-4214-8635-1DD99BBD21FD}"
EndProject
Global
	GlobalSection(SolutionConfigurationPlatforms) = preSolution
		Debug|Any CPU = Debug|Any CPU
		Release|Any CPU = Release|Any CPU
	EndGlobalSection
	GlobalSection(ProjectConfigurationPlatforms) = postSolution
		{61D3F495-B119-4214-8635-1DD99BBD21FD}.Debug|Any CPU.ActiveCfg = Debug|Any CPU
		{61D3F495-B119-4214-8635-1DD99BBD21FD}.Debug|Any CPU.Build.0 = Debug|Any CPU
		{61D3F495-B119-4214-8635-1DD99BBD21FD}.Release|Any CPU.ActiveCfg = Release|Any CPU
		{61D3F495-B119-4214-8635-1DD99BBD21FD}.Release|Any CPU.Build.0 = Release|Any CPU
	EndGlobalSection
	GlobalSection(SolutionProperties) = preSolution
		HideSolutionNode = FALSE
	EndGlobalSection
	GlobalSection(ExtensibilityGlobals) = postSolution
		SolutionGuid = {55706F3D-FA08-418B-AC5E-E43314AD65E1}
	EndGlobalSection
EndGlobal
